{
  "name": "lista3",
  "version": "1.0.0",
  "lockfileVersion": 1,
  "requires": true,
  "dependencies": {
    "@tyriar/binary-heap": {
      "version": "1.0.5",
      "resolved": "https://registry.npmjs.org/@tyriar/binary-heap/-/binary-heap-1.0.5.tgz",
      "integrity": "sha1-Cn0oUlmdef10hTr1heF/KYFoOwE="
    },
    "heap": {
      "version": "0.2.6",
      "resolved": "https://registry.npmjs.org/heap/-/heap-0.2.6.tgz",
      "integrity": "sha1-CH4fELBGky/IWU3Z5tN4r8nR5aw="
    }
  }
}
